
Microsoft Visual Studio Solution File, Format Version 12.00
# Visual Studio 15
VisualStudioVersion = 15.0.28307.168
MinimumVisualStudioVersion = 10.0.40219.1
Project("{A07B5EB6-E848-4116-A8D0-A826331D98C6}") = "MultipleNamedAppInstances", "MultipleNamedAppInstances\MultipleNamedAppInstances.sfproj", "{6401B9A1-54AA-4EA2-A971-9AC1B4278775}"
EndProject
Project("{2150E333-8FDC-42A3-9474-1A3956D46DE8}") = "Solution Items", "Solution Items", "{3C6D4A10-9B35-4BC4-80FA-5BE87BD32CCD}"
	ProjectSection(SolutionItems) = preProject
		deploy.ps1 = deploy.ps1
		removeapp.ps1 = removeapp.ps1
	EndProjectSection
EndProject
Project("{FAE04EC0-301F-11D3-BF4B-00C04F79EFBC}") = "WebApiService", "WebApiService\WebApiService.csproj", "{0B2AF933-EDFD-41B5-8AEF-0E043662FB85}"
EndProject
Project("{FAE04EC0-301F-11D3-BF4B-00C04F79EFBC}") = "DataService", "DataService\DataService.csproj", "{20F8C492-37F3-4E5B-9B41-643F141485EA}"
EndProject
Project("{FAE04EC0-301F-11D3-BF4B-00C04F79EFBC}") = "DataService.Domain", "DataService.Domain\DataService.Domain.csproj", "{9E68F54D-A092-4BF6-AADD-B818CBC2917C}"
EndProject
Global
	GlobalSection(SolutionConfigurationPlatforms) = preSolution
		Debug|Any CPU = Debug|Any CPU
		Debug|x64 = Debug|x64
		Release|Any CPU = Release|Any CPU
		Release|x64 = Release|x64
	EndGlobalSection
	GlobalSection(ProjectConfigurationPlatforms) = postSolution
		{6401B9A1-54AA-4EA2-A971-9AC1B4278775}.Debug|Any CPU.ActiveCfg = Debug|x64
		{6401B9A1-54AA-4EA2-A971-9AC1B4278775}.Debug|x64.ActiveCfg = Debug|x64
		{6401B9A1-54AA-4EA2-A971-9AC1B4278775}.Debug|x64.Build.0 = Debug|x64
		{6401B9A1-54AA-4EA2-A971-9AC1B4278775}.Debug|x64.Deploy.0 = Debug|x64
		{6401B9A1-54AA-4EA2-A971-9AC1B4278775}.Release|Any CPU.ActiveCfg = Release|x64
		{6401B9A1-54AA-4EA2-A971-9AC1B4278775}.Release|x64.ActiveCfg = Release|x64
		{6401B9A1-54AA-4EA2-A971-9AC1B4278775}.Release|x64.Build.0 = Release|x64
		{6401B9A1-54AA-4EA2-A971-9AC1B4278775}.Release|x64.Deploy.0 = Release|x64
		{0B2AF933-EDFD-41B5-8AEF-0E043662FB85}.Debug|Any CPU.ActiveCfg = Debug|Any CPU
		{0B2AF933-EDFD-41B5-8AEF-0E043662FB85}.Debug|Any CPU.Build.0 = Debug|Any CPU
		{0B2AF933-EDFD-41B5-8AEF-0E043662FB85}.Debug|x64.ActiveCfg = Debug|Any CPU
		{0B2AF933-EDFD-41B5-8AEF-0E043662FB85}.Debug|x64.Build.0 = Debug|Any CPU
		{0B2AF933-EDFD-41B5-8AEF-0E043662FB85}.Release|Any CPU.ActiveCfg = Release|Any CPU
		{0B2AF933-EDFD-41B5-8AEF-0E043662FB85}.Release|Any CPU.Build.0 = Release|Any CPU
		{0B2AF933-EDFD-41B5-8AEF-0E043662FB85}.Release|x64.ActiveCfg = Release|Any CPU
		{0B2AF933-EDFD-41B5-8AEF-0E043662FB85}.Release|x64.Build.0 = Release|Any CPU
		{20F8C492-37F3-4E5B-9B41-643F141485EA}.Debug|Any CPU.ActiveCfg = Debug|Any CPU
		{20F8C492-37F3-4E5B-9B41-643F141485EA}.Debug|Any CPU.Build.0 = Debug|Any CPU
		{20F8C492-37F3-4E5B-9B41-643F141485EA}.Debug|x64.ActiveCfg = Debug|Any CPU
		{20F8C492-37F3-4E5B-9B41-643F141485EA}.Debug|x64.Build.0 = Debug|Any CPU
		{20F8C492-37F3-4E5B-9B41-643F141485EA}.Release|Any CPU.ActiveCfg = Release|Any CPU
		{20F8C492-37F3-4E5B-9B41-643F141485EA}.Release|Any CPU.Build.0 = Release|Any CPU
		{20F8C492-37F3-4E5B-9B41-643F141485EA}.Release|x64.ActiveCfg = Release|Any CPU
		{20F8C492-37F3-4E5B-9B41-643F141485EA}.Release|x64.Build.0 = Release|Any CPU
		{9E68F54D-A092-4BF6-AADD-B818CBC2917C}.Debug|Any CPU.ActiveCfg = Debug|Any CPU
		{9E68F54D-A092-4BF6-AADD-B818CBC2917C}.Debug|Any CPU.Build.0 = Debug|Any CPU
		{9E68F54D-A092-4BF6-AADD-B818CBC2917C}.Debug|x64.ActiveCfg = Debug|Any CPU
		{9E68F54D-A092-4BF6-AADD-B818CBC2917C}.Debug|x64.Build.0 = Debug|Any CPU
		{9E68F54D-A092-4BF6-AADD-B818CBC2917C}.Release|Any CPU.ActiveCfg = Release|Any CPU
		{9E68F54D-A092-4BF6-AADD-B818CBC2917C}.Release|Any CPU.Build.0 = Release|Any CPU
		{9E68F54D-A092-4BF6-AADD-B818CBC2917C}.Release|x64.ActiveCfg = Release|Any CPU
		{9E68F54D-A092-4BF6-AADD-B818CBC2917C}.Release|x64.Build.0 = Release|Any CPU
	EndGlobalSection
	GlobalSection(SolutionProperties) = preSolution
		HideSolutionNode = FALSE
	EndGlobalSection
	GlobalSection(ExtensibilityGlobals) = postSolution
		SolutionGuid = {77B1025B-57A6-45DC-B349-01B5B9B4B8DE}
	EndGlobalSection
EndGlobal
